
Microsoft Visual Studio Solution File, Format Version 12.00
# Visual Studio Version 17
VisualStudioVersion = 17.5.33627.172
MinimumVisualStudioVersion = 10.0.40219.1
Project("{FAE04EC0-301F-11D3-BF4B-00C04F79EFBC}") = "Primarywebapp", "Primarywebapp\Primarywebapp.csproj", "{D53588B4-1BF1-45B5-812B-82C77F21E231}"
EndProject
Global
	GlobalSection(SolutionConfigurationPlatforms) = preSolution
		Debug|Any CPU = Debug|Any CPU
		Release|Any CPU = Release|Any CPU
	EndGlobalSection
	GlobalSection(ProjectConfigurationPlatforms) = postSolution
		{D53588B4-1BF1-45B5-812B-82C77F21E231}.Debug|Any CPU.ActiveCfg = Debug|Any CPU
		{D53588B4-1BF1-45B5-812B-82C77F21E231}.Debug|Any CPU.Build.0 = Debug|Any CPU
		{D53588B4-1BF1-45B5-812B-82C77F21E231}.Release|Any CPU.ActiveCfg = Release|Any CPU
		{D53588B4-1BF1-45B5-812B-82C77F21E231}.Release|Any CPU.Build.0 = Release|Any CPU
	EndGlobalSection
	GlobalSection(SolutionProperties) = preSolution
		HideSolutionNode = FALSE
	EndGlobalSection
	GlobalSection(ExtensibilityGlobals) = postSolution
		SolutionGuid = {FE2CF5CF-0DBD-48D5-985D-A1099897862E}
	EndGlobalSection
EndGlobal
